
Microsoft Visual Studio Solution File, Format Version 12.00
# Visual Studio 15
VisualStudioVersion = 15.0.28307.329
MinimumVisualStudioVersion = 10.0.40219.1
Project("{FAE04EC0-301F-11D3-BF4B-00C04F79EFBC}") = "AppFlurl.Android", "AppFlurl\AppFlurl.Android\AppFlurl.Android.csproj", "{8011D2B3-1BCE-4CDC-BBAA-54E8394A1B32}"
EndProject
Project("{FAE04EC0-301F-11D3-BF4B-00C04F79EFBC}") = "AppFlurl.iOS", "AppFlurl\AppFlurl.iOS\AppFlurl.iOS.csproj", "{91B931CD-6B14-4C99-AD72-132CFC5D1321}"
EndProject
Project("{FAE04EC0-301F-11D3-BF4B-00C04F79EFBC}") = "AppFlurl", "AppFlurl\AppFlurl\AppFlurl.csproj", "{E917A081-A5F1-4E48-A949-5943E511827E}"
EndProject
Global
	GlobalSection(SolutionConfigurationPlatforms) = preSolution
		Ad-Hoc|Any CPU = Ad-Hoc|Any CPU
		Ad-Hoc|iPhone = Ad-Hoc|iPhone
		Ad-Hoc|iPhoneSimulator = Ad-Hoc|iPhoneSimulator
		AppStore|Any CPU = AppStore|Any CPU
		AppStore|iPhone = AppStore|iPhone
		AppStore|iPhoneSimulator = AppStore|iPhoneSimulator
		Debug|Any CPU = Debug|Any CPU
		Debug|iPhone = Debug|iPhone
		Debug|iPhoneSimulator = Debug|iPhoneSimulator
		Release|Any CPU = Release|Any CPU
		Release|iPhone = Release|iPhone
		Release|iPhoneSimulator = Release|iPhoneSimulator
	EndGlobalSection
	GlobalSection(ProjectConfigurationPlatforms) = postSolution
		{8011D2B3-1BCE-4CDC-BBAA-54E8394A1B32}.Ad-Hoc|Any CPU.ActiveCfg = Release|Any CPU
		{8011D2B3-1BCE-4CDC-BBAA-54E8394A1B32}.Ad-Hoc|Any CPU.Build.0 = Release|Any CPU
		{8011D2B3-1BCE-4CDC-BBAA-54E8394A1B32}.Ad-Hoc|Any CPU.Deploy.0 = Release|Any CPU
		{8011D2B3-1BCE-4CDC-BBAA-54E8394A1B32}.Ad-Hoc|iPhone.ActiveCfg = Release|Any CPU
		{8011D2B3-1BCE-4CDC-BBAA-54E8394A1B32}.Ad-Hoc|iPhone.Build.0 = Release|Any CPU
		{8011D2B3-1BCE-4CDC-BBAA-54E8394A1B32}.Ad-Hoc|iPhone.Deploy.0 = Release|Any CPU
		{8011D2B3-1BCE-4CDC-BBAA-54E8394A1B32}.Ad-Hoc|iPhoneSimulator.ActiveCfg = Release|Any CPU
		{8011D2B3-1BCE-4CDC-BBAA-54E8394A1B32}.Ad-Hoc|iPhoneSimulator.Build.0 = Release|Any CPU
		{8011D2B3-1BCE-4CDC-BBAA-54E8394A1B32}.Ad-Hoc|iPhoneSimulator.Deploy.0 = Release|Any CPU
		{8011D2B3-1BCE-4CDC-BBAA-54E8394A1B32}.AppStore|Any CPU.ActiveCfg = Release|Any CPU
		{8011D2B3-1BCE-4CDC-BBAA-54E8394A1B32}.AppStore|Any CPU.Build.0 = Release|Any CPU
		{8011D2B3-1BCE-4CDC-BBAA-54E8394A1B32}.AppStore|Any CPU.Deploy.0 = Release|Any CPU
		{8011D2B3-1BCE-4CDC-BBAA-54E8394A1B32}.AppStore|iPhone.ActiveCfg = Release|Any CPU
		{8011D2B3-1BCE-4CDC-BBAA-54E8394A1B32}.AppStore|iPhone.Build.0 = Release|Any CPU
		{8011D2B3-1BCE-4CDC-BBAA-54E8394A1B32}.AppStore|iPhone.Deploy.0 = Release|Any CPU
		{8011D2B3-1BCE-4CDC-BBAA-54E8394A1B32}.AppStore|iPhoneSimulator.ActiveCfg = Release|Any CPU
		{8011D2B3-1BCE-4CDC-BBAA-54E8394A1B32}.AppStore|iPhoneSimulator.Build.0 = Release|Any CPU
		{8011D2B3-1BCE-4CDC-BBAA-54E8394A1B32}.AppStore|iPhoneSimulator.Deploy.0 = Release|Any CPU
		{8011D2B3-1BCE-4CDC-BBAA-54E8394A1B32}.Debug|Any CPU.ActiveCfg = Debug|Any CPU
		{8011D2B3-1BCE-4CDC-BBAA-54E8394A1B32}.Debug|Any CPU.Build.0 = Debug|Any CPU
		{8011D2B3-1BCE-4CDC-BBAA-54E8394A1B32}.Debug|Any CPU.Deploy.0 = Debug|Any CPU
		{8011D2B3-1BCE-4CDC-BBAA-54E8394A1B32}.Debug|iPhone.ActiveCfg = Debug|Any CPU
		{8011D2B3-1BCE-4CDC-BBAA-54E8394A1B32}.Debug|iPhone.Build.0 = Debug|Any CPU
		{8011D2B3-1BCE-4CDC-BBAA-54E8394A1B32}.Debug|iPhone.Deploy.0 = Debug|Any CPU
		{8011D2B3-1BCE-4CDC-BBAA-54E8394A1B32}.Debug|iPhoneSimulator.ActiveCfg = Debug|Any CPU
		{8011D2B3-1BCE-4CDC-BBAA-54E8394A1B32}.Debug|iPhoneSimulator.Build.0 = Debug|Any CPU
		{8011D2B3-1BCE-4CDC-BBAA-54E8394A1B32}.Debug|iPhoneSimulator.Deploy.0 = Debug|Any CPU
		{8011D2B3-1BCE-4CDC-BBAA-54E8394A1B32}.Release|Any CPU.ActiveCfg = Release|Any CPU
		{8011D2B3-1BCE-4CDC-BBAA-54E8394A1B32}.Release|Any CPU.Build.0 = Release|Any CPU
		{8011D2B3-1BCE-4CDC-BBAA-54E8394A1B32}.Release|Any CPU.Deploy.0 = Release|Any CPU
		{8011D2B3-1BCE-4CDC-BBAA-54E8394A1B32}.Release|iPhone.ActiveCfg = Release|Any CPU
		{8011D2B3-1BCE-4CDC-BBAA-54E8394A1B32}.Release|iPhone.Build.0 = Release|Any CPU
		{8011D2B3-1BCE-4CDC-BBAA-54E8394A1B32}.Release|iPhone.Deploy.0 = Release|Any CPU
		{8011D2B3-1BCE-4CDC-BBAA-54E8394A1B32}.Release|iPhoneSimulator.ActiveCfg = Release|Any CPU
		{8011D2B3-1BCE-4CDC-BBAA-54E8394A1B32}.Release|iPhoneSimulator.Build.0 = Release|Any CPU
		{8011D2B3-1BCE-4CDC-BBAA-54E8394A1B32}.Release|iPhoneSimulator.Deploy.0 = Release|Any CPU
		{91B931CD-6B14-4C99-AD72-132CFC5D1321}.Ad-Hoc|Any CPU.ActiveCfg = Ad-Hoc|iPhone
		{91B931CD-6B14-4C99-AD72-132CFC5D1321}.Ad-Hoc|Any CPU.Build.0 = Ad-Hoc|iPhone
		{91B931CD-6B14-4C99-AD72-132CFC5D1321}.Ad-Hoc|Any CPU.Deploy.0 = Ad-Hoc|iPhone
		{91B931CD-6B14-4C99-AD72-132CFC5D1321}.Ad-Hoc|iPhone.ActiveCfg = Ad-Hoc|iPhone
		{91B931CD-6B14-4C99-AD72-132CFC5D1321}.Ad-Hoc|iPhone.Build.0 = Ad-Hoc|iPhone
		{91B931CD-6B14-4C99-AD72-132CFC5D1321}.Ad-Hoc|iPhone.Deploy.0 = Ad-Hoc|iPhone
		{91B931CD-6B14-4C99-AD72-132CFC5D1321}.Ad-Hoc|iPhoneSimulator.ActiveCfg = Ad-Hoc|iPhoneSimulator
		{91B931CD-6B14-4C99-AD72-132CFC5D1321}.Ad-Hoc|iPhoneSimulator.Build.0 = Ad-Hoc|iPhoneSimulator
		{91B931CD-6B14-4C99-AD72-132CFC5D1321}.Ad-Hoc|iPhoneSimulator.Deploy.0 = Ad-Hoc|iPhoneSimulator
		{91B931CD-6B14-4C99-AD72-132CFC5D1321}.AppStore|Any CPU.ActiveCfg = AppStore|iPhone
		{91B931CD-6B14-4C99-AD72-132CFC5D1321}.AppStore|Any CPU.Build.0 = AppStore|iPhone
		{91B931CD-6B14-4C99-AD72-132CFC5D1321}.AppStore|Any CPU.Deploy.0 = AppStore|iPhone
		{91B931CD-6B14-4C99-AD72-132CFC5D1321}.AppStore|iPhone.ActiveCfg = AppStore|iPhone
		{91B931CD-6B14-4C99-AD72-132CFC5D1321}.AppStore|iPhone.Build.0 = AppStore|iPhone
		{91B931CD-6B14-4C99-AD72-132CFC5D1321}.AppStore|iPhone.Deploy.0 = AppStore|iPhone
		{91B931CD-6B14-4C99-AD72-132CFC5D1321}.AppStore|iPhoneSimulator.ActiveCfg = AppStore|iPhoneSimulator
		{91B931CD-6B14-4C99-AD72-132CFC5D1321}.AppStore|iPhoneSimulator.Build.0 = AppStore|iPhoneSimulator
		{91B931CD-6B14-4C99-AD72-132CFC5D1321}.AppStore|iPhoneSimulator.Deploy.0 = AppStore|iPhoneSimulator
		{91B931CD-6B14-4C99-AD72-132CFC5D1321}.Debug|Any CPU.ActiveCfg = Debug|iPhoneSimulator
		{91B931CD-6B14-4C99-AD72-132CFC5D1321}.Debug|Any CPU.Build.0 = Debug|iPhoneSimulator
		{91B931CD-6B14-4C99-AD72-132CFC5D1321}.Debug|Any CPU.Deploy.0 = Debug|iPhoneSimulator
		{91B931CD-6B14-4C99-AD72-132CFC5D1321}.Debug|iPhone.ActiveCfg = Debug|iPhone
		{91B931CD-6B14-4C99-AD72-132CFC5D1321}.Debug|iPhone.Build.0 = Debug|iPhone
		{91B931CD-6B14-4C99-AD72-132CFC5D1321}.Debug|iPhone.Deploy.0 = Debug|iPhone
		{91B931CD-6B14-4C99-AD72-132CFC5D1321}.Debug|iPhoneSimulator.ActiveCfg = Debug|iPhoneSimulator
		{91B931CD-6B14-4C99-AD72-132CFC5D1321}.Debug|iPhoneSimulator.Build.0 = Debug|iPhoneSimulator
		{91B931CD-6B14-4C99-AD72-132CFC5D1321}.Debug|iPhoneSimulator.Deploy.0 = Debug|iPhoneSimulator
		{91B931CD-6B14-4C99-AD72-132CFC5D1321}.Release|Any CPU.ActiveCfg = Release|iPhone
		{91B931CD-6B14-4C99-AD72-132CFC5D1321}.Release|Any CPU.Build.0 = Release|iPhone
		{91B931CD-6B14-4C99-AD72-132CFC5D1321}.Release|Any CPU.Deploy.0 = Release|iPhone
		{91B931CD-6B14-4C99-AD72-132CFC5D1321}.Release|iPhone.ActiveCfg = Release|iPhone
		{91B931CD-6B14-4C99-AD72-132CFC5D1321}.Release|iPhone.Build.0 = Release|iPhone
		{91B931CD-6B14-4C99-AD72-132CFC5D1321}.Release|iPhone.Deploy.0 = Release|iPhone
		{91B931CD-6B14-4C99-AD72-132CFC5D1321}.Release|iPhoneSimulator.ActiveCfg = Release|iPhoneSimulator
		{91B931CD-6B14-4C99-AD72-132CFC5D1321}.Release|iPhoneSimulator.Build.0 = Release|iPhoneSimulator
		{91B931CD-6B14-4C99-AD72-132CFC5D1321}.Release|iPhoneSimulator.Deploy.0 = Release|iPhoneSimulator
		{E917A081-A5F1-4E48-A949-5943E511827E}.Ad-Hoc|Any CPU.ActiveCfg = Debug|Any CPU
		{E917A081-A5F1-4E48-A949-5943E511827E}.Ad-Hoc|Any CPU.Build.0 = Debug|Any CPU
		{E917A081-A5F1-4E48-A949-5943E511827E}.Ad-Hoc|Any CPU.Deploy.0 = Debug|Any CPU
		{E917A081-A5F1-4E48-A949-5943E511827E}.Ad-Hoc|iPhone.ActiveCfg = Debug|Any CPU
		{E917A081-A5F1-4E48-A949-5943E511827E}.Ad-Hoc|iPhone.Build.0 = Debug|Any CPU
		{E917A081-A5F1-4E48-A949-5943E511827E}.Ad-Hoc|iPhone.Deploy.0 = Debug|Any CPU
		{E917A081-A5F1-4E48-A949-5943E511827E}.Ad-Hoc|iPhoneSimulator.ActiveCfg = Debug|Any CPU
		{E917A081-A5F1-4E48-A949-5943E511827E}.Ad-Hoc|iPhoneSimulator.Build.0 = Debug|Any CPU
		{E917A081-A5F1-4E48-A949-5943E511827E}.Ad-Hoc|iPhoneSimulator.Deploy.0 = Debug|Any CPU
		{E917A081-A5F1-4E48-A949-5943E511827E}.AppStore|Any CPU.ActiveCfg = Debug|Any CPU
		{E917A081-A5F1-4E48-A949-5943E511827E}.AppStore|Any CPU.Build.0 = Debug|Any CPU
		{E917A081-A5F1-4E48-A949-5943E511827E}.AppStore|Any CPU.Deploy.0 = Debug|Any CPU
		{E917A081-A5F1-4E48-A949-5943E511827E}.AppStore|iPhone.ActiveCfg = Debug|Any CPU
		{E917A081-A5F1-4E48-A949-5943E511827E}.AppStore|iPhone.Build.0 = Debug|Any CPU
		{E917A081-A5F1-4E48-A949-5943E511827E}.AppStore|iPhone.Deploy.0 = Debug|Any CPU
		{E917A081-A5F1-4E48-A949-5943E511827E}.AppStore|iPhoneSimulator.ActiveCfg = Debug|Any CPU
		{E917A081-A5F1-4E48-A949-5943E511827E}.AppStore|iPhoneSimulator.Build.0 = Debug|Any CPU
		{E917A081-A5F1-4E48-A949-5943E511827E}.AppStore|iPhoneSimulator.Deploy.0 = Debug|Any CPU
		{E917A081-A5F1-4E48-A949-5943E511827E}.Debug|Any CPU.ActiveCfg = Debug|Any CPU
		{E917A081-A5F1-4E48-A949-5943E511827E}.Debug|Any CPU.Build.0 = Debug|Any CPU
		{E917A081-A5F1-4E48-A949-5943E511827E}.Debug|Any CPU.Deploy.0 = Debug|Any CPU
		{E917A081-A5F1-4E48-A949-5943E511827E}.Debug|iPhone.ActiveCfg = Debug|Any CPU
		{E917A081-A5F1-4E48-A949-5943E511827E}.Debug|iPhone.Build.0 = Debug|Any CPU
		{E917A081-A5F1-4E48-A949-5943E511827E}.Debug|iPhone.Deploy.0 = Debug|Any CPU
		{E917A081-A5F1-4E48-A949-5943E511827E}.Debug|iPhoneSimulator.ActiveCfg = Debug|Any CPU
		{E917A081-A5F1-4E48-A949-5943E511827E}.Debug|iPhoneSimulator.Build.0 = Debug|Any CPU
		{E917A081-A5F1-4E48-A949-5943E511827E}.Debug|iPhoneSimulator.Deploy.0 = Debug|Any CPU
		{E917A081-A5F1-4E48-A949-5943E511827E}.Release|Any CPU.ActiveCfg = Release|Any CPU
		{E917A081-A5F1-4E48-A949-5943E511827E}.Release|Any CPU.Build.0 = Release|Any CPU
		{E917A081-A5F1-4E48-A949-5943E511827E}.Release|Any CPU.Deploy.0 = Release|Any CPU
		{E917A081-A5F1-4E48-A949-5943E511827E}.Release|iPhone.ActiveCfg = Release|Any CPU
		{E917A081-A5F1-4E48-A949-5943E511827E}.Release|iPhone.Build.0 = Release|Any CPU
		{E917A081-A5F1-4E48-A949-5943E511827E}.Release|iPhone.Deploy.0 = Release|Any CPU
		{E917A081-A5F1-4E48-A949-5943E511827E}.Release|iPhoneSimulator.ActiveCfg = Release|Any CPU
		{E917A081-A5F1-4E48-A949-5943E511827E}.Release|iPhoneSimulator.Build.0 = Release|Any CPU
		{E917A081-A5F1-4E48-A949-5943E511827E}.Release|iPhoneSimulator.Deploy.0 = Release|Any CPU
	EndGlobalSection
	GlobalSection(SolutionProperties) = preSolution
		HideSolutionNode = FALSE
	EndGlobalSection
	GlobalSection(ExtensibilityGlobals) = postSolution
		SolutionGuid = {5636F570-A40D-4F16-8216-30ECC886751C}
	EndGlobalSection
EndGlobal
